%{"connection": {:hex, :connection, "1.0.4", "a1cae72211f0eef17705aaededacac3eb30e6625b04a6117c1b2db6ace7d5976", [:mix], [], "hexpm"},
  "cowlib": {:hex, :cowlib, "2.0.1", "4dfffb1db296eab9f2e8b95ee3017007f674bc920ce30aeb5a53bbda82fc38c0", [:rebar3], [], "hexpm"},
  "msgpax": {:hex, :msgpax, "2.0.0", "5f60d2e03b1f7a90da7620ad52d386dbd173490429d53d70c3d33630aebf3e9f", [:mix], [{:plug, "~> 1.0", [hex: :plug, repo: "hexpm", optional: true]}], "hexpm"},
  "poolboy": {:hex, :poolboy, "1.5.1", "6b46163901cfd0a1b43d692657ed9d7e599853b3b21b95ae5ae0a777cf9b6ca8", [:rebar], []},
  "ranch": {:hex, :ranch, "1.4.0", "10272f95da79340fa7e8774ba7930b901713d272905d0012b06ca6d994f8826b", [:rebar3], [], "hexpm"}}
