%{"connection": {:hex, :connection, "1.0.4", "a1cae72211f0eef17705aaededacac3eb30e6625b04a6117c1b2db6ace7d5976", [:mix], [], "hexpm"},
  "cowboy": {:hex, :cowboy, "1.0.4", "a324a8df9f2316c833a470d918aaf73ae894278b8aa6226ce7a9bf699388f878", [:make, :rebar], [{:cowlib, "~> 1.0.0", [hex: :cowlib, repo: "hexpm", optional: false]}, {:ranch, "~> 1.0", [hex: :ranch, repo: "hexpm", optional: false]}], "hexpm"},
  "cowlib": {:hex, :cowlib, "1.0.2", "9d769a1d062c9c3ac753096f868ca121e2730b9a377de23dec0f7e08b1df84ee", [:make], [], "hexpm"},
  "msgpax": {:hex, :msgpax, "2.0.0", "5f60d2e03b1f7a90da7620ad52d386dbd173490429d53d70c3d33630aebf3e9f", [:mix], [{:plug, "~> 1.0", [hex: :plug, repo: "hexpm", optional: true]}], "hexpm"},
  "poolboy": {:hex, :poolboy, "1.5.1", "6b46163901cfd0a1b43d692657ed9d7e599853b3b21b95ae5ae0a777cf9b6ca8", [:rebar], []},
  "ranch": {:hex, :ranch, "1.2.1", "a6fb992c10f2187b46ffd17ce398ddf8a54f691b81768f9ef5f461ea7e28c762", [:make], [], "hexpm"}}
